
Microsoft Visual Studio Solution File, Format Version 12.00
# Visual Studio Version 16
VisualStudioVersion = 16.0.31729.503
MinimumVisualStudioVersion = 10.0.40219.1
Project("{FAE04EC0-301F-11D3-BF4B-00C04F79EFBC}") = "Ders13_ŞifrelemeAlgoritmaları_Base64", "Ders13_ŞifrelemeAlgoritmaları_Base64\Ders13_ŞifrelemeAlgoritmaları_Base64.csproj", "{655C72DB-7464-4D63-A86C-170768D91BA6}"
EndProject
Global
	GlobalSection(SolutionConfigurationPlatforms) = preSolution
		Debug|Any CPU = Debug|Any CPU
		Release|Any CPU = Release|Any CPU
	EndGlobalSection
	GlobalSection(ProjectConfigurationPlatforms) = postSolution
		{655C72DB-7464-4D63-A86C-170768D91BA6}.Debug|Any CPU.ActiveCfg = Debug|Any CPU
		{655C72DB-7464-4D63-A86C-170768D91BA6}.Debug|Any CPU.Build.0 = Debug|Any CPU
		{655C72DB-7464-4D63-A86C-170768D91BA6}.Release|Any CPU.ActiveCfg = Release|Any CPU
		{655C72DB-7464-4D63-A86C-170768D91BA6}.Release|Any CPU.Build.0 = Release|Any CPU
	EndGlobalSection
	GlobalSection(SolutionProperties) = preSolution
		HideSolutionNode = FALSE
	EndGlobalSection
	GlobalSection(ExtensibilityGlobals) = postSolution
		SolutionGuid = {94F94667-D50A-4B77-B62D-28C751263F24}
	EndGlobalSection
EndGlobal
