
Microsoft Visual Studio Solution File, Format Version 12.00
# Visual Studio Version 16
VisualStudioVersion = 16.0.31729.503
MinimumVisualStudioVersion = 10.0.40219.1
Project("{FAE04EC0-301F-11D3-BF4B-00C04F79EFBC}") = "Notepadd", "Notepadd\Notepadd.csproj", "{61CAB0A7-FF50-4E21-B8F8-D6C14418E9C5}"
EndProject
Project("{54435603-DBB4-11D2-8724-00A0C9A8B90C}") = "NotepadSetup", "NotepadSetup\NotepadSetup.vdproj", "{FFD43862-1E28-43F1-AFA7-1FDB596B0CBC}"
EndProject
Global
	GlobalSection(SolutionConfigurationPlatforms) = preSolution
		Debug|Any CPU = Debug|Any CPU
		Release|Any CPU = Release|Any CPU
	EndGlobalSection
	GlobalSection(ProjectConfigurationPlatforms) = postSolution
		{61CAB0A7-FF50-4E21-B8F8-D6C14418E9C5}.Debug|Any CPU.ActiveCfg = Debug|Any CPU
		{61CAB0A7-FF50-4E21-B8F8-D6C14418E9C5}.Debug|Any CPU.Build.0 = Debug|Any CPU
		{61CAB0A7-FF50-4E21-B8F8-D6C14418E9C5}.Release|Any CPU.ActiveCfg = Release|Any CPU
		{61CAB0A7-FF50-4E21-B8F8-D6C14418E9C5}.Release|Any CPU.Build.0 = Release|Any CPU
		{FFD43862-1E28-43F1-AFA7-1FDB596B0CBC}.Debug|Any CPU.ActiveCfg = Debug
		{FFD43862-1E28-43F1-AFA7-1FDB596B0CBC}.Release|Any CPU.ActiveCfg = Release
	EndGlobalSection
	GlobalSection(SolutionProperties) = preSolution
		HideSolutionNode = FALSE
	EndGlobalSection
	GlobalSection(ExtensibilityGlobals) = postSolution
		SolutionGuid = {86B14FD9-8791-461E-99DE-CF9D8CA4D573}
	EndGlobalSection
EndGlobal
